
Microsoft Visual Studio Solution File, Format Version 12.00
# Visual Studio 15
VisualStudioVersion = 15.0.27130.2027
MinimumVisualStudioVersion = 10.0.40219.1
Project("{FAE04EC0-301F-11D3-BF4B-00C04F79EFBC}") = "NReaderAPI", "NReaderAPI\NReaderAPI.csproj", "{F6DB4870-DA59-4B2D-9993-D1B58AB2D012}"
EndProject
Global
	GlobalSection(SolutionConfigurationPlatforms) = preSolution
		Debug|Any CPU = Debug|Any CPU
		Release|Any CPU = Release|Any CPU
	EndGlobalSection
	GlobalSection(ProjectConfigurationPlatforms) = postSolution
		{F6DB4870-DA59-4B2D-9993-D1B58AB2D012}.Debug|Any CPU.ActiveCfg = Debug|Any CPU
		{F6DB4870-DA59-4B2D-9993-D1B58AB2D012}.Debug|Any CPU.Build.0 = Debug|Any CPU
		{F6DB4870-DA59-4B2D-9993-D1B58AB2D012}.Release|Any CPU.ActiveCfg = Release|Any CPU
		{F6DB4870-DA59-4B2D-9993-D1B58AB2D012}.Release|Any CPU.Build.0 = Release|Any CPU
	EndGlobalSection
	GlobalSection(SolutionProperties) = preSolution
		HideSolutionNode = FALSE
	EndGlobalSection
	GlobalSection(ExtensibilityGlobals) = postSolution
		SolutionGuid = {3CA8DB88-2047-4AA1-B1F7-07E6C44C0F65}
	EndGlobalSection
EndGlobal
